// !$*UTF8*$!
{
	archiveVersion = 1;
	classes = {
	};
	objectVersion = 46;
	objects = {

/* Begin PBXBuildFile section */
		D91F378B139ECFB5007D2B9D /* RecordingViewController.mm in Sources */ = {isa = PBXBuildFile; fileRef = D91F3789139ECFB5007D2B9D /* RecordingViewController.mm */; };
		D91F378C139ECFB5007D2B9D /* RecordingViewController.xib in Resources */ = {isa = PBXBuildFile; fileRef = D91F378A139ECFB5007D2B9D /* RecordingViewController.xib */; };
		D91F37A5139EDD4D007D2B9D /* AQRecorder.mm in Sources */ = {isa = PBXBuildFile; fileRef = D91F37A3139EDD4D007D2B9D /* AQRecorder.mm */; };
		D91F37B9139EE19D007D2B9D /* AudioToolbox.framework in Frameworks */ = {isa = PBXBuildFile; fileRef = D91F37B8139EE19D007D2B9D /* AudioToolbox.framework */; };
		D92B82CD13A09BB7001A254A /* Lecture.m in Sources */ = {isa = PBXBuildFile; fileRef = D92B82CC13A09BB7001A254A /* Lecture.m */; };
		D92B82D213A0A950001A254A /* LecturePlayerViewController.m in Sources */ = {isa = PBXBuildFile; fileRef = D92B82D013A0A94F001A254A /* LecturePlayerViewController.m */; };
		D92B82D313A0A950001A254A /* LecturePlayerViewController.xib in Resources */ = {isa = PBXBuildFile; fileRef = D92B82D113A0A94F001A254A /* LecturePlayerViewController.xib */; };
		D92B82D513A0ACC3001A254A /* AVFoundation.framework in Frameworks */ = {isa = PBXBuildFile; fileRef = D92B82D413A0ACC3001A254A /* AVFoundation.framework */; };
		D92B82E213A13C7A001A254A /* about.png in Resources */ = {isa = PBXBuildFile; fileRef = D92B82DE13A13C7A001A254A /* about.png */; };
		D92B82E313A13C7A001A254A /* learn.png in Resources */ = {isa = PBXBuildFile; fileRef = D92B82DF13A13C7A001A254A /* learn.png */; };
		D92B82E413A13C7A001A254A /* record.png in Resources */ = {isa = PBXBuildFile; fileRef = D92B82E013A13C7A001A254A /* record.png */; };
		D92B82E513A13C7A001A254A /* schedule.png in Resources */ = {isa = PBXBuildFile; fileRef = D92B82E113A13C7A001A254A /* schedule.png */; };
		D92B82E813A13C94001A254A /* gradient_background.png in Resources */ = {isa = PBXBuildFile; fileRef = D92B82E713A13C94001A254A /* gradient_background.png */; };
		D92B82F313A16385001A254A /* about@2x.png in Resources */ = {isa = PBXBuildFile; fileRef = D92B82EF13A16383001A254A /* about@2x.png */; };
		D92B82F413A16385001A254A /* learn@2x.png in Resources */ = {isa = PBXBuildFile; fileRef = D92B82F013A16383001A254A /* learn@2x.png */; };
		D92B82F513A16385001A254A /* record@2x.png in Resources */ = {isa = PBXBuildFile; fileRef = D92B82F113A16384001A254A /* record@2x.png */; };
		D92B82F613A16385001A254A /* schedule@2x.png in Resources */ = {isa = PBXBuildFile; fileRef = D92B82F213A16384001A254A /* schedule@2x.png */; };
		D92B82FA13A1684A001A254A /* LearnViewController.m in Sources */ = {isa = PBXBuildFile; fileRef = D92B82F813A16849001A254A /* LearnViewController.m */; };
		D92B82FB13A1684A001A254A /* LearnViewController.xib in Resources */ = {isa = PBXBuildFile; fileRef = D92B82F913A1684A001A254A /* LearnViewController.xib */; };
		D955557613A6FBE500F28716 /* ASIAuthenticationDialog.m in Sources */ = {isa = PBXBuildFile; fileRef = D955556013A6FBE500F28716 /* ASIAuthenticationDialog.m */; };
		D955557713A6FBE500F28716 /* ASIDataCompressor.m in Sources */ = {isa = PBXBuildFile; fileRef = D955556313A6FBE500F28716 /* ASIDataCompressor.m */; };
		D955557813A6FBE500F28716 /* ASIDataDecompressor.m in Sources */ = {isa = PBXBuildFile; fileRef = D955556513A6FBE500F28716 /* ASIDataDecompressor.m */; };
		D955557913A6FBE500F28716 /* ASIDownloadCache.m in Sources */ = {isa = PBXBuildFile; fileRef = D955556713A6FBE500F28716 /* ASIDownloadCache.m */; };
		D955557A13A6FBE500F28716 /* ASIFormDataRequest.m in Sources */ = {isa = PBXBuildFile; fileRef = D955556913A6FBE500F28716 /* ASIFormDataRequest.m */; };
		D955557B13A6FBE500F28716 /* ASIHTTPRequest.m in Sources */ = {isa = PBXBuildFile; fileRef = D955556B13A6FBE500F28716 /* ASIHTTPRequest.m */; };
		D955557C13A6FBE500F28716 /* ASIInputStream.m in Sources */ = {isa = PBXBuildFile; fileRef = D955556F13A6FBE500F28716 /* ASIInputStream.m */; };
		D955557D13A6FBE500F28716 /* ASINetworkQueue.m in Sources */ = {isa = PBXBuildFile; fileRef = D955557113A6FBE500F28716 /* ASINetworkQueue.m */; };
		D955557E13A6FBE500F28716 /* Reachability.m in Sources */ = {isa = PBXBuildFile; fileRef = D955557513A6FBE500F28716 /* Reachability.m */; };
		D955558213A6FC0C00F28716 /* JSONKit.m in Sources */ = {isa = PBXBuildFile; fileRef = D955558113A6FC0C00F28716 /* JSONKit.m */; };
		D955558813A701FC00F28716 /* CFNetwork.framework in Frameworks */ = {isa = PBXBuildFile; fileRef = D955558713A701FC00F28716 /* CFNetwork.framework */; };
		D955558A13A7021D00F28716 /* SystemConfiguration.framework in Frameworks */ = {isa = PBXBuildFile; fileRef = D955558913A7021D00F28716 /* SystemConfiguration.framework */; };
		D955558C13A7022500F28716 /* MobileCoreServices.framework in Frameworks */ = {isa = PBXBuildFile; fileRef = D955558B13A7022500F28716 /* MobileCoreServices.framework */; };
		D955558E13A7024A00F28716 /* libz.1.2.3.dylib in Frameworks */ = {isa = PBXBuildFile; fileRef = D955558D13A7024A00F28716 /* libz.1.2.3.dylib */; };
		D955559213A70C4400F28716 /* SchoolViewController.m in Sources */ = {isa = PBXBuildFile; fileRef = D955559013A70C4400F28716 /* SchoolViewController.m */; };
		D955559313A70C4400F28716 /* SchoolViewController.xib in Resources */ = {isa = PBXBuildFile; fileRef = D955559113A70C4400F28716 /* SchoolViewController.xib */; };
		D955559613A71AFA00F28716 /* logo.png in Resources */ = {isa = PBXBuildFile; fileRef = D955559413A71AFA00F28716 /* logo.png */; };
		D955559713A71AFA00F28716 /* logo@2x.png in Resources */ = {isa = PBXBuildFile; fileRef = D955559513A71AFA00F28716 /* logo@2x.png */; };
		D955559B13A71C8200F28716 /* SubjectViewController.m in Sources */ = {isa = PBXBuildFile; fileRef = D955559913A71C8200F28716 /* SubjectViewController.m */; };
		D955559C13A71C8200F28716 /* SubjectViewController.xib in Resources */ = {isa = PBXBuildFile; fileRef = D955559A13A71C8200F28716 /* SubjectViewController.xib */; };
		D95555A213A7234800F28716 /* CourseViewController.m in Sources */ = {isa = PBXBuildFile; fileRef = D95555A013A7234700F28716 /* CourseViewController.m */; };
		D95555A313A7234800F28716 /* CourseViewController.xib in Resources */ = {isa = PBXBuildFile; fileRef = D95555A113A7234800F28716 /* CourseViewController.xib */; };
		D95555A513A7508700F28716 /* MediaPlayer.framework in Frameworks */ = {isa = PBXBuildFile; fileRef = D95555A413A7508600F28716 /* MediaPlayer.framework */; };
		D95DB04913A2AD43009ED227 /* icon.png in Resources */ = {isa = PBXBuildFile; fileRef = D95DB04813A2AD43009ED227 /* icon.png */; };
		D95DB04B13A2AD4F009ED227 /* icon@2x.png in Resources */ = {isa = PBXBuildFile; fileRef = D95DB04A13A2AD4F009ED227 /* icon@2x.png */; };
		D95DB04D13A2B453009ED227 /* EventKit.framework in Frameworks */ = {isa = PBXBuildFile; fileRef = D95DB04C13A2B453009ED227 /* EventKit.framework */; settings = {ATTRIBUTES = (Weak, ); }; };
		D95DB04F13A2B458009ED227 /* EventKitUI.framework in Frameworks */ = {isa = PBXBuildFile; fileRef = D95DB04E13A2B457009ED227 /* EventKitUI.framework */; settings = {ATTRIBUTES = (Weak, ); }; };
		D95DB08713A2C58F009ED227 /* libKal.a in Frameworks */ = {isa = PBXBuildFile; fileRef = D95DB08613A2C58F009ED227 /* libKal.a */; };
		D95DB08B13A2C5E6009ED227 /* Kal.bundle in Resources */ = {isa = PBXBuildFile; fileRef = D95DB08A13A2C5E6009ED227 /* Kal.bundle */; };
		D95DB09313A2C766009ED227 /* ScheduleNotSupportedViewController.m in Sources */ = {isa = PBXBuildFile; fileRef = D95DB09113A2C765009ED227 /* ScheduleNotSupportedViewController.m */; };
		D95DB09413A2C766009ED227 /* ScheduleNotSupportedViewController.xib in Resources */ = {isa = PBXBuildFile; fileRef = D95DB09213A2C765009ED227 /* ScheduleNotSupportedViewController.xib */; };
		D95DB0A913A2D0F3009ED227 /* EventKitDataSource.m in Sources */ = {isa = PBXBuildFile; fileRef = D95DB0A813A2D0F2009ED227 /* EventKitDataSource.m */; };
		D960FFA5139DB6EC00CD6795 /* UIKit.framework in Frameworks */ = {isa = PBXBuildFile; fileRef = D960FFA4139DB6EC00CD6795 /* UIKit.framework */; };
		D960FFA7139DB6EC00CD6795 /* Foundation.framework in Frameworks */ = {isa = PBXBuildFile; fileRef = D960FFA6139DB6EC00CD6795 /* Foundation.framework */; };
		D960FFA9139DB6EC00CD6795 /* CoreGraphics.framework in Frameworks */ = {isa = PBXBuildFile; fileRef = D960FFA8139DB6EC00CD6795 /* CoreGraphics.framework */; };
		D960FFAF139DB6EC00CD6795 /* InfoPlist.strings in Resources */ = {isa = PBXBuildFile; fileRef = D960FFAD139DB6EC00CD6795 /* InfoPlist.strings */; };
		D960FFB2139DB6EC00CD6795 /* main.m in Sources */ = {isa = PBXBuildFile; fileRef = D960FFB1139DB6EC00CD6795 /* main.m */; };
		D960FFB5139DB6EC00CD6795 /* LectureLeaksAppDelegate.mm in Sources */ = {isa = PBXBuildFile; fileRef = D960FFB4139DB6EC00CD6795 /* LectureLeaksAppDelegate.mm */; };
		D960FFB8139DB6EC00CD6795 /* MainWindow.xib in Resources */ = {isa = PBXBuildFile; fileRef = D960FFB6139DB6EC00CD6795 /* MainWindow.xib */; };
		D960FFBB139DB6EC00CD6795 /* LectureLeaksViewController.mm in Sources */ = {isa = PBXBuildFile; fileRef = D960FFBA139DB6EC00CD6795 /* LectureLeaksViewController.mm */; };
		D960FFBE139DB6EC00CD6795 /* LectureLeaksViewController.xib in Resources */ = {isa = PBXBuildFile; fileRef = D960FFBC139DB6EC00CD6795 /* LectureLeaksViewController.xib */; };
		D960FFCC139DBCCD00CD6795 /* RecordingsListViewController.mm in Sources */ = {isa = PBXBuildFile; fileRef = D960FFCA139DBCCD00CD6795 /* RecordingsListViewController.mm */; };
		D960FFCD139DBCCD00CD6795 /* RecordingsListViewController.xib in Resources */ = {isa = PBXBuildFile; fileRef = D960FFCB139DBCCD00CD6795 /* RecordingsListViewController.xib */; };
		D960FFD1139DBE4300CD6795 /* AboutViewController.mm in Sources */ = {isa = PBXBuildFile; fileRef = D960FFCF139DBE4300CD6795 /* AboutViewController.mm */; };
		D960FFD2139DBE4300CD6795 /* AboutViewController.xib in Resources */ = {isa = PBXBuildFile; fileRef = D960FFD0139DBE4300CD6795 /* AboutViewController.xib */; };
		D960FFD7139DC1E400CD6795 /* ScheduleViewController.mm in Sources */ = {isa = PBXBuildFile; fileRef = D960FFD5139DC1E400CD6795 /* ScheduleViewController.mm */; };
		D960FFD8139DC1E400CD6795 /* ScheduleViewController.xib in Resources */ = {isa = PBXBuildFile; fileRef = D960FFD6139DC1E400CD6795 /* ScheduleViewController.xib */; };
/* End PBXBuildFile section */

/* Begin PBXContainerItemProxy section */
		D95DB08413A2C48F009ED227 /* PBXContainerItemProxy */ = {
			isa = PBXContainerItemProxy;
			containerPortal = D95DB07D13A2C48F009ED227 /* Kal.xcodeproj */;
			proxyType = 2;
			remoteGlobalIDString = D2AAC07E0554694100DB518D;
			remoteInfo = Kal;
		};
		D95DB08813A2C5C8009ED227 /* PBXContainerItemProxy */ = {
			isa = PBXContainerItemProxy;
			containerPortal = D95DB07D13A2C48F009ED227 /* Kal.xcodeproj */;
			proxyType = 1;
			remoteGlobalIDString = D2AAC07D0554694100DB518D;
			remoteInfo = Kal;
		};
/* End PBXContainerItemProxy section */

/* Begin PBXFileReference section */
		D91F3788139ECFB5007D2B9D /* RecordingViewController.h */ = {isa = PBXFileReference; fileEncoding = 4; lastKnownFileType = sourcecode.c.h; path = RecordingViewController.h; sourceTree = "<group>"; };
		D91F3789139ECFB5007D2B9D /* RecordingViewController.mm */ = {isa = PBXFileReference; fileEncoding = 4; lastKnownFileType = sourcecode.cpp.objcpp; path = RecordingViewController.mm; sourceTree = "<group>"; };
		D91F378A139ECFB5007D2B9D /* RecordingViewController.xib */ = {isa = PBXFileReference; fileEncoding = 4; lastKnownFileType = file.xib; path = RecordingViewController.xib; sourceTree = "<group>"; };
		D91F37A2139EDD4C007D2B9D /* AQRecorder.h */ = {isa = PBXFileReference; fileEncoding = 4; lastKnownFileType = sourcecode.c.h; path = AQRecorder.h; sourceTree = "<group>"; };
		D91F37A3139EDD4D007D2B9D /* AQRecorder.mm */ = {isa = PBXFileReference; fileEncoding = 4; lastKnownFileType = sourcecode.cpp.objcpp; path = AQRecorder.mm; sourceTree = "<group>"; };
		D91F37B8139EE19D007D2B9D /* AudioToolbox.framework */ = {isa = PBXFileReference; lastKnownFileType = wrapper.framework; name = AudioToolbox.framework; path = System/Library/Frameworks/AudioToolbox.framework; sourceTree = SDKROOT; };
		D92B82CB13A09BB7001A254A /* Lecture.h */ = {isa = PBXFileReference; fileEncoding = 4; lastKnownFileType = sourcecode.c.h; path = Lecture.h; sourceTree = "<group>"; };
		D92B82CC13A09BB7001A254A /* Lecture.m */ = {isa = PBXFileReference; fileEncoding = 4; lastKnownFileType = sourcecode.c.objc; path = Lecture.m; sourceTree = "<group>"; };
		D92B82CF13A0A94E001A254A /* LecturePlayerViewController.h */ = {isa = PBXFileReference; fileEncoding = 4; lastKnownFileType = sourcecode.c.h; path = LecturePlayerViewController.h; sourceTree = "<group>"; };
		D92B82D013A0A94F001A254A /* LecturePlayerViewController.m */ = {isa = PBXFileReference; fileEncoding = 4; lastKnownFileType = sourcecode.c.objc; path = LecturePlayerViewController.m; sourceTree = "<group>"; };
		D92B82D113A0A94F001A254A /* LecturePlayerViewController.xib */ = {isa = PBXFileReference; fileEncoding = 4; lastKnownFileType = file.xib; path = LecturePlayerViewController.xib; sourceTree = "<group>"; };
		D92B82D413A0ACC3001A254A /* AVFoundation.framework */ = {isa = PBXFileReference; lastKnownFileType = wrapper.framework; name = AVFoundation.framework; path = System/Library/Frameworks/AVFoundation.framework; sourceTree = SDKROOT; };
		D92B82DE13A13C7A001A254A /* about.png */ = {isa = PBXFileReference; lastKnownFileType = image.png; path = about.png; sourceTree = "<group>"; };
		D92B82DF13A13C7A001A254A /* learn.png */ = {isa = PBXFileReference; lastKnownFileType = image.png; path = learn.png; sourceTree = "<group>"; };
		D92B82E013A13C7A001A254A /* record.png */ = {isa = PBXFileReference; lastKnownFileType = image.png; path = record.png; sourceTree = "<group>"; };
		D92B82E113A13C7A001A254A /* schedule.png */ = {isa = PBXFileReference; lastKnownFileType = image.png; path = schedule.png; sourceTree = "<group>"; };
		D92B82E713A13C94001A254A /* gradient_background.png */ = {isa = PBXFileReference; lastKnownFileType = image.png; path = gradient_background.png; sourceTree = "<group>"; };
		D92B82EF13A16383001A254A /* about@2x.png */ = {isa = PBXFileReference; lastKnownFileType = image.png; path = "about@2x.png"; sourceTree = "<group>"; };
		D92B82F013A16383001A254A /* learn@2x.png */ = {isa = PBXFileReference; lastKnownFileType = image.png; path = "learn@2x.png"; sourceTree = "<group>"; };
		D92B82F113A16384001A254A /* record@2x.png */ = {isa = PBXFileReference; lastKnownFileType = image.png; path = "record@2x.png"; sourceTree = "<group>"; };
		D92B82F213A16384001A254A /* schedule@2x.png */ = {isa = PBXFileReference; lastKnownFileType = image.png; path = "schedule@2x.png"; sourceTree = "<group>"; };
		D92B82F713A16849001A254A /* LearnViewController.h */ = {isa = PBXFileReference; fileEncoding = 4; lastKnownFileType = sourcecode.c.h; path = LearnViewController.h; sourceTree = "<group>"; };
		D92B82F813A16849001A254A /* LearnViewController.m */ = {isa = PBXFileReference; fileEncoding = 4; lastKnownFileType = sourcecode.c.objc; path = LearnViewController.m; sourceTree = "<group>"; };
		D92B82F913A1684A001A254A /* LearnViewController.xib */ = {isa = PBXFileReference; fileEncoding = 4; lastKnownFileType = file.xib; path = LearnViewController.xib; sourceTree = "<group>"; };
		D955555F13A6FBE500F28716 /* ASIAuthenticationDialog.h */ = {isa = PBXFileReference; fileEncoding = 4; lastKnownFileType = sourcecode.c.h; path = ASIAuthenticationDialog.h; sourceTree = "<group>"; };
		D955556013A6FBE500F28716 /* ASIAuthenticationDialog.m */ = {isa = PBXFileReference; fileEncoding = 4; lastKnownFileType = sourcecode.c.objc; path = ASIAuthenticationDialog.m; sourceTree = "<group>"; };
		D955556113A6FBE500F28716 /* ASICacheDelegate.h */ = {isa = PBXFileReference; fileEncoding = 4; lastKnownFileType = sourcecode.c.h; path = ASICacheDelegate.h; sourceTree = "<group>"; };
		D955556213A6FBE500F28716 /* ASIDataCompressor.h */ = {isa = PBXFileReference; fileEncoding = 4; lastKnownFileType = sourcecode.c.h; path = ASIDataCompressor.h; sourceTree = "<group>"; };
		D955556313A6FBE500F28716 /* ASIDataCompressor.m */ = {isa = PBXFileReference; fileEncoding = 4; lastKnownFileType = sourcecode.c.objc; path = ASIDataCompressor.m; sourceTree = "<group>"; };
		D955556413A6FBE500F28716 /* ASIDataDecompressor.h */ = {isa = PBXFileReference; fileEncoding = 4; lastKnownFileType = sourcecode.c.h; path = ASIDataDecompressor.h; sourceTree = "<group>"; };
		D955556513A6FBE500F28716 /* ASIDataDecompressor.m */ = {isa = PBXFileReference; fileEncoding = 4; lastKnownFileType = sourcecode.c.objc; path = ASIDataDecompressor.m; sourceTree = "<group>"; };
		D955556613A6FBE500F28716 /* ASIDownloadCache.h */ = {isa = PBXFileReference; fileEncoding = 4; lastKnownFileType = sourcecode.c.h; path = ASIDownloadCache.h; sourceTree = "<group>"; };
		D955556713A6FBE500F28716 /* ASIDownloadCache.m */ = {isa = PBXFileReference; fileEncoding = 4; lastKnownFileType = sourcecode.c.objc; path = ASIDownloadCache.m; sourceTree = "<group>"; };
		D955556813A6FBE500F28716 /* ASIFormDataRequest.h */ = {isa = PBXFileReference; fileEncoding = 4; lastKnownFileType = sourcecode.c.h; path = ASIFormDataRequest.h; sourceTree = "<group>"; };
		D955556913A6FBE500F28716 /* ASIFormDataRequest.m */ = {isa = PBXFileReference; fileEncoding = 4; lastKnownFileType = sourcecode.c.objc; path = ASIFormDataRequest.m; sourceTree = "<group>"; };
		D955556A13A6FBE500F28716 /* ASIHTTPRequest.h */ = {isa = PBXFileReference; fileEncoding = 4; lastKnownFileType = sourcecode.c.h; path = ASIHTTPRequest.h; sourceTree = "<group>"; };
		D955556B13A6FBE500F28716 /* ASIHTTPRequest.m */ = {isa = PBXFileReference; fileEncoding = 4; lastKnownFileType = sourcecode.c.objc; path = ASIHTTPRequest.m; sourceTree = "<group>"; };
		D955556C13A6FBE500F28716 /* ASIHTTPRequestConfig.h */ = {isa = PBXFileReference; fileEncoding = 4; lastKnownFileType = sourcecode.c.h; path = ASIHTTPRequestConfig.h; sourceTree = "<group>"; };
		D955556D13A6FBE500F28716 /* ASIHTTPRequestDelegate.h */ = {isa = PBXFileReference; fileEncoding = 4; lastKnownFileType = sourcecode.c.h; path = ASIHTTPRequestDelegate.h; sourceTree = "<group>"; };
		D955556E13A6FBE500F28716 /* ASIInputStream.h */ = {isa = PBXFileReference; fileEncoding = 4; lastKnownFileType = sourcecode.c.h; path = ASIInputStream.h; sourceTree = "<group>"; };
		D955556F13A6FBE500F28716 /* ASIInputStream.m */ = {isa = PBXFileReference; fileEncoding = 4; lastKnownFileType = sourcecode.c.objc; path = ASIInputStream.m; sourceTree = "<group>"; };
		D955557013A6FBE500F28716 /* ASINetworkQueue.h */ = {isa = PBXFileReference; fileEncoding = 4; lastKnownFileType = sourcecode.c.h; path = ASINetworkQueue.h; sourceTree = "<group>"; };
		D955557113A6FBE500F28716 /* ASINetworkQueue.m */ = {isa = PBXFileReference; fileEncoding = 4; lastKnownFileType = sourcecode.c.objc; path = ASINetworkQueue.m; sourceTree = "<group>"; };
		D955557213A6FBE500F28716 /* ASIProgressDelegate.h */ = {isa = PBXFileReference; fileEncoding = 4; lastKnownFileType = sourcecode.c.h; path = ASIProgressDelegate.h; sourceTree = "<group>"; };
		D955557413A6FBE500F28716 /* Reachability.h */ = {isa = PBXFileReference; fileEncoding = 4; lastKnownFileType = sourcecode.c.h; path = Reachability.h; sourceTree = "<group>"; };
		D955557513A6FBE500F28716 /* Reachability.m */ = {isa = PBXFileReference; fileEncoding = 4; lastKnownFileType = sourcecode.c.objc; path = Reachability.m; sourceTree = "<group>"; };
		D955558013A6FC0C00F28716 /* JSONKit.h */ = {isa = PBXFileReference; fileEncoding = 4; lastKnownFileType = sourcecode.c.h; path = JSONKit.h; sourceTree = "<group>"; };
		D955558113A6FC0C00F28716 /* JSONKit.m */ = {isa = PBXFileReference; fileEncoding = 4; lastKnownFileType = sourcecode.c.objc; path = JSONKit.m; sourceTree = "<group>"; };
		D955558713A701FC00F28716 /* CFNetwork.framework */ = {isa = PBXFileReference; lastKnownFileType = wrapper.framework; name = CFNetwork.framework; path = System/Library/Frameworks/CFNetwork.framework; sourceTree = SDKROOT; };
		D955558913A7021D00F28716 /* SystemConfiguration.framework */ = {isa = PBXFileReference; lastKnownFileType = wrapper.framework; name = SystemConfiguration.framework; path = System/Library/Frameworks/SystemConfiguration.framework; sourceTree = SDKROOT; };
		D955558B13A7022500F28716 /* MobileCoreServices.framework */ = {isa = PBXFileReference; lastKnownFileType = wrapper.framework; name = MobileCoreServices.framework; path = System/Library/Frameworks/MobileCoreServices.framework; sourceTree = SDKROOT; };
		D955558D13A7024A00F28716 /* libz.1.2.3.dylib */ = {isa = PBXFileReference; lastKnownFileType = "compiled.mach-o.dylib"; name = libz.1.2.3.dylib; path = usr/lib/libz.1.2.3.dylib; sourceTree = SDKROOT; };
		D955558F13A70C4300F28716 /* SchoolViewController.h */ = {isa = PBXFileReference; fileEncoding = 4; lastKnownFileType = sourcecode.c.h; path = SchoolViewController.h; sourceTree = "<group>"; };
		D955559013A70C4400F28716 /* SchoolViewController.m */ = {isa = PBXFileReference; fileEncoding = 4; lastKnownFileType = sourcecode.c.objc; path = SchoolViewController.m; sourceTree = "<group>"; };
		D955559113A70C4400F28716 /* SchoolViewController.xib */ = {isa = PBXFileReference; fileEncoding = 4; lastKnownFileType = file.xib; path = SchoolViewController.xib; sourceTree = "<group>"; };
		D955559413A71AFA00F28716 /* logo.png */ = {isa = PBXFileReference; lastKnownFileType = image.png; path = logo.png; sourceTree = "<group>"; };
		D955559513A71AFA00F28716 /* logo@2x.png */ = {isa = PBXFileReference; lastKnownFileType = image.png; path = "logo@2x.png"; sourceTree = "<group>"; };
		D955559813A71C8200F28716 /* SubjectViewController.h */ = {isa = PBXFileReference; fileEncoding = 4; lastKnownFileType = sourcecode.c.h; path = SubjectViewController.h; sourceTree = "<group>"; };
		D955559913A71C8200F28716 /* SubjectViewController.m */ = {isa = PBXFileReference; fileEncoding = 4; lastKnownFileType = sourcecode.c.objc; path = SubjectViewController.m; sourceTree = "<group>"; };
		D955559A13A71C8200F28716 /* SubjectViewController.xib */ = {isa = PBXFileReference; fileEncoding = 4; lastKnownFileType = file.xib; path = SubjectViewController.xib; sourceTree = "<group>"; };
		D955559F13A7234700F28716 /* CourseViewController.h */ = {isa = PBXFileReference; fileEncoding = 4; lastKnownFileType = sourcecode.c.h; path = CourseViewController.h; sourceTree = "<group>"; };
		D95555A013A7234700F28716 /* CourseViewController.m */ = {isa = PBXFileReference; fileEncoding = 4; lastKnownFileType = sourcecode.c.objc; path = CourseViewController.m; sourceTree = "<group>"; };
		D95555A113A7234800F28716 /* CourseViewController.xib */ = {isa = PBXFileReference; fileEncoding = 4; lastKnownFileType = file.xib; path = CourseViewController.xib; sourceTree = "<group>"; };
		D95555A413A7508600F28716 /* MediaPlayer.framework */ = {isa = PBXFileReference; lastKnownFileType = wrapper.framework; name = MediaPlayer.framework; path = System/Library/Frameworks/MediaPlayer.framework; sourceTree = SDKROOT; };
		D95DB04813A2AD43009ED227 /* icon.png */ = {isa = PBXFileReference; lastKnownFileType = image.png; name = icon.png; path = ../icon.png; sourceTree = "<group>"; };
		D95DB04A13A2AD4F009ED227 /* icon@2x.png */ = {isa = PBXFileReference; lastKnownFileType = image.png; name = "icon@2x.png"; path = "../icon@2x.png"; sourceTree = "<group>"; };
		D95DB04C13A2B453009ED227 /* EventKit.framework */ = {isa = PBXFileReference; lastKnownFileType = wrapper.framework; name = EventKit.framework; path = System/Library/Frameworks/EventKit.framework; sourceTree = SDKROOT; };
		D95DB04E13A2B457009ED227 /* EventKitUI.framework */ = {isa = PBXFileReference; lastKnownFileType = wrapper.framework; name = EventKitUI.framework; path = System/Library/Frameworks/EventKitUI.framework; sourceTree = SDKROOT; };
		D95DB07D13A2C48F009ED227 /* Kal.xcodeproj */ = {isa = PBXFileReference; lastKnownFileType = "wrapper.pb-project"; name = Kal.xcodeproj; path = Kal/Kal.xcodeproj; sourceTree = "<group>"; };
		D95DB08613A2C58F009ED227 /* libKal.a */ = {isa = PBXFileReference; explicitFileType = archive.ar; path = libKal.a; sourceTree = SOURCE_ROOT; };
		D95DB08A13A2C5E6009ED227 /* Kal.bundle */ = {isa = PBXFileReference; lastKnownFileType = "wrapper.plug-in"; name = Kal.bundle; path = Kal/Kal.bundle; sourceTree = "<group>"; };
		D95DB09013A2C764009ED227 /* ScheduleNotSupportedViewController.h */ = {isa = PBXFileReference; fileEncoding = 4; lastKnownFileType = sourcecode.c.h; path = ScheduleNotSupportedViewController.h; sourceTree = "<group>"; };
		D95DB09113A2C765009ED227 /* ScheduleNotSupportedViewController.m */ = {isa = PBXFileReference; fileEncoding = 4; lastKnownFileType = sourcecode.c.objc; path = ScheduleNotSupportedViewController.m; sourceTree = "<group>"; };
		D95DB09213A2C765009ED227 /* ScheduleNotSupportedViewController.xib */ = {isa = PBXFileReference; fileEncoding = 4; lastKnownFileType = file.xib; path = ScheduleNotSupportedViewController.xib; sourceTree = "<group>"; };
		D95DB0A713A2D0F1009ED227 /* EventKitDataSource.h */ = {isa = PBXFileReference; fileEncoding = 4; lastKnownFileType = sourcecode.c.h; path = EventKitDataSource.h; sourceTree = "<group>"; };
		D95DB0A813A2D0F2009ED227 /* EventKitDataSource.m */ = {isa = PBXFileReference; fileEncoding = 4; lastKnownFileType = sourcecode.c.objc; path = EventKitDataSource.m; sourceTree = "<group>"; };
		D960FFA0139DB6EC00CD6795 /* LectureLeaks.app */ = {isa = PBXFileReference; explicitFileType = wrapper.application; includeInIndex = 0; path = LectureLeaks.app; sourceTree = BUILT_PRODUCTS_DIR; };
		D960FFA4139DB6EC00CD6795 /* UIKit.framework */ = {isa = PBXFileReference; lastKnownFileType = wrapper.framework; name = UIKit.framework; path = System/Library/Frameworks/UIKit.framework; sourceTree = SDKROOT; };
		D960FFA6139DB6EC00CD6795 /* Foundation.framework */ = {isa = PBXFileReference; lastKnownFileType = wrapper.framework; name = Foundation.framework; path = System/Library/Frameworks/Foundation.framework; sourceTree = SDKROOT; };
		D960FFA8139DB6EC00CD6795 /* CoreGraphics.framework */ = {isa = PBXFileReference; lastKnownFileType = wrapper.framework; name = CoreGraphics.framework; path = System/Library/Frameworks/CoreGraphics.framework; sourceTree = SDKROOT; };
		D960FFAC139DB6EC00CD6795 /* LectureLeaks-Info.plist */ = {isa = PBXFileReference; lastKnownFileType = text.plist.xml; path = "LectureLeaks-Info.plist"; sourceTree = "<group>"; };
		D960FFAE139DB6EC00CD6795 /* en */ = {isa = PBXFileReference; lastKnownFileType = text.plist.strings; name = en; path = en.lproj/InfoPlist.strings; sourceTree = "<group>"; };
		D960FFB0139DB6EC00CD6795 /* LectureLeaks-Prefix.pch */ = {isa = PBXFileReference; lastKnownFileType = sourcecode.c.h; path = "LectureLeaks-Prefix.pch"; sourceTree = "<group>"; };
		D960FFB1139DB6EC00CD6795 /* main.m */ = {isa = PBXFileReference; lastKnownFileType = sourcecode.c.objc; path = main.m; sourceTree = "<group>"; };
		D960FFB3139DB6EC00CD6795 /* LectureLeaksAppDelegate.h */ = {isa = PBXFileReference; lastKnownFileType = sourcecode.c.h; path = LectureLeaksAppDelegate.h; sourceTree = "<group>"; };
		D960FFB4139DB6EC00CD6795 /* LectureLeaksAppDelegate.mm */ = {isa = PBXFileReference; lastKnownFileType = sourcecode.cpp.objcpp; path = LectureLeaksAppDelegate.mm; sourceTree = "<group>"; };
		D960FFB7139DB6EC00CD6795 /* en */ = {isa = PBXFileReference; lastKnownFileType = file.xib; name = en; path = en.lproj/MainWindow.xib; sourceTree = "<group>"; };
		D960FFB9139DB6EC00CD6795 /* LectureLeaksViewController.h */ = {isa = PBXFileReference; lastKnownFileType = sourcecode.c.h; path = LectureLeaksViewController.h; sourceTree = "<group>"; };
		D960FFBA139DB6EC00CD6795 /* LectureLeaksViewController.mm */ = {isa = PBXFileReference; lastKnownFileType = sourcecode.cpp.objcpp; path = LectureLeaksViewController.mm; sourceTree = "<group>"; };
		D960FFBD139DB6EC00CD6795 /* en */ = {isa = PBXFileReference; lastKnownFileType = file.xib; name = en; path = en.lproj/LectureLeaksViewController.xib; sourceTree = "<group>"; };
		D960FFC9139DBCCD00CD6795 /* RecordingsListViewController.h */ = {isa = PBXFileReference; fileEncoding = 4; lastKnownFileType = sourcecode.c.h; path = RecordingsListViewController.h; sourceTree = "<group>"; };
		D960FFCA139DBCCD00CD6795 /* RecordingsListViewController.mm */ = {isa = PBXFileReference; fileEncoding = 4; lastKnownFileType = sourcecode.cpp.objcpp; path = RecordingsListViewController.mm; sourceTree = "<group>"; };
		D960FFCB139DBCCD00CD6795 /* RecordingsListViewController.xib */ = {isa = PBXFileReference; fileEncoding = 4; lastKnownFileType = file.xib; path = RecordingsListViewController.xib; sourceTree = "<group>"; };
		D960FFCE139DBE4300CD6795 /* AboutViewController.h */ = {isa = PBXFileReference; fileEncoding = 4; lastKnownFileType = sourcecode.c.h; path = AboutViewController.h; sourceTree = "<group>"; };
		D960FFCF139DBE4300CD6795 /* AboutViewController.mm */ = {isa = PBXFileReference; fileEncoding = 4; lastKnownFileType = sourcecode.cpp.objcpp; path = AboutViewController.mm; sourceTree = "<group>"; };
		D960FFD0139DBE4300CD6795 /* AboutViewController.xib */ = {isa = PBXFileReference; fileEncoding = 4; lastKnownFileType = file.xib; path = AboutViewController.xib; sourceTree = "<group>"; };
		D960FFD4139DC1E400CD6795 /* ScheduleViewController.h */ = {isa = PBXFileReference; fileEncoding = 4; lastKnownFileType = sourcecode.c.h; path = ScheduleViewController.h; sourceTree = "<group>"; };
		D960FFD5139DC1E400CD6795 /* ScheduleViewController.mm */ = {isa = PBXFileReference; fileEncoding = 4; lastKnownFileType = sourcecode.cpp.objcpp; path = ScheduleViewController.mm; sourceTree = "<group>"; };
		D960FFD6139DC1E400CD6795 /* ScheduleViewController.xib */ = {isa = PBXFileReference; fileEncoding = 4; lastKnownFileType = file.xib; path = ScheduleViewController.xib; sourceTree = "<group>"; };
/* End PBXFileReference section */

/* Begin PBXFrameworksBuildPhase section */
		D960FF9D139DB6EC00CD6795 /* Frameworks */ = {
			isa = PBXFrameworksBuildPhase;
			buildActionMask = 2147483647;
			files = (
				D95555A513A7508700F28716 /* MediaPlayer.framework in Frameworks */,
				D955558E13A7024A00F28716 /* libz.1.2.3.dylib in Frameworks */,
				D955558C13A7022500F28716 /* MobileCoreServices.framework in Frameworks */,
				D955558A13A7021D00F28716 /* SystemConfiguration.framework in Frameworks */,
				D955558813A701FC00F28716 /* CFNetwork.framework in Frameworks */,
				D95DB08713A2C58F009ED227 /* libKal.a in Frameworks */,
				D95DB04F13A2B458009ED227 /* EventKitUI.framework in Frameworks */,
				D95DB04D13A2B453009ED227 /* EventKit.framework in Frameworks */,
				D92B82D513A0ACC3001A254A /* AVFoundation.framework in Frameworks */,
				D91F37B9139EE19D007D2B9D /* AudioToolbox.framework in Frameworks */,
				D960FFA5139DB6EC00CD6795 /* UIKit.framework in Frameworks */,
				D960FFA7139DB6EC00CD6795 /* Foundation.framework in Frameworks */,
				D960FFA9139DB6EC00CD6795 /* CoreGraphics.framework in Frameworks */,
			);
			runOnlyForDeploymentPostprocessing = 0;
		};
/* End PBXFrameworksBuildPhase section */

/* Begin PBXGroup section */
		D91F378E139ECFD9007D2B9D /* Classes */ = {
			isa = PBXGroup;
			children = (
				D92B82CB13A09BB7001A254A /* Lecture.h */,
				D92B82CC13A09BB7001A254A /* Lecture.m */,
				D960FFB3139DB6EC00CD6795 /* LectureLeaksAppDelegate.h */,
				D960FFB4139DB6EC00CD6795 /* LectureLeaksAppDelegate.mm */,
				D960FFB9139DB6EC00CD6795 /* LectureLeaksViewController.h */,
				D960FFBA139DB6EC00CD6795 /* LectureLeaksViewController.mm */,
				D955559E13A71D9600F28716 /* Schedule */,
				D955559D13A71D6A00F28716 /* Learn */,
				D960FFCE139DBE4300CD6795 /* AboutViewController.h */,
				D960FFCF139DBE4300CD6795 /* AboutViewController.mm */,
				D91F3788139ECFB5007D2B9D /* RecordingViewController.h */,
				D91F3789139ECFB5007D2B9D /* RecordingViewController.mm */,
			);
			name = Classes;
			sourceTree = "<group>";
		};
		D91F37A6139EDD54007D2B9D /* AQ Classes */ = {
			isa = PBXGroup;
			children = (
				D91F37A2139EDD4C007D2B9D /* AQRecorder.h */,
				D91F37A3139EDD4D007D2B9D /* AQRecorder.mm */,
			);
			name = "AQ Classes";
			sourceTree = "<group>";
		};
		D955555E13A6FBE500F28716 /* ASIHTTPRequest */ = {
			isa = PBXGroup;
			children = (
				D955555F13A6FBE500F28716 /* ASIAuthenticationDialog.h */,
				D955556013A6FBE500F28716 /* ASIAuthenticationDialog.m */,
				D955556113A6FBE500F28716 /* ASICacheDelegate.h */,
				D955556213A6FBE500F28716 /* ASIDataCompressor.h */,
				D955556313A6FBE500F28716 /* ASIDataCompressor.m */,
				D955556413A6FBE500F28716 /* ASIDataDecompressor.h */,
				D955556513A6FBE500F28716 /* ASIDataDecompressor.m */,
				D955556613A6FBE500F28716 /* ASIDownloadCache.h */,
				D955556713A6FBE500F28716 /* ASIDownloadCache.m */,
				D955556813A6FBE500F28716 /* ASIFormDataRequest.h */,
				D955556913A6FBE500F28716 /* ASIFormDataRequest.m */,
				D955556A13A6FBE500F28716 /* ASIHTTPRequest.h */,
				D955556B13A6FBE500F28716 /* ASIHTTPRequest.m */,
				D955556C13A6FBE500F28716 /* ASIHTTPRequestConfig.h */,
				D955556D13A6FBE500F28716 /* ASIHTTPRequestDelegate.h */,
				D955556E13A6FBE500F28716 /* ASIInputStream.h */,
				D955556F13A6FBE500F28716 /* ASIInputStream.m */,
				D955557013A6FBE500F28716 /* ASINetworkQueue.h */,
				D955557113A6FBE500F28716 /* ASINetworkQueue.m */,
				D955557213A6FBE500F28716 /* ASIProgressDelegate.h */,
				D955557313A6FBE500F28716 /* Reachability */,
			);
			path = ASIHTTPRequest;
			sourceTree = "<group>";
		};
		D955557313A6FBE500F28716 /* Reachability */ = {
			isa = PBXGroup;
			children = (
				D955557413A6FBE500F28716 /* Reachability.h */,
				D955557513A6FBE500F28716 /* Reachability.m */,
			);
			path = Reachability;
			sourceTree = "<group>";
		};
		D955557F13A6FC0C00F28716 /* JSONKit */ = {
			isa = PBXGroup;
			children = (
				D955558013A6FC0C00F28716 /* JSONKit.h */,
				D955558113A6FC0C00F28716 /* JSONKit.m */,
			);
			path = JSONKit;
			sourceTree = "<group>";
		};
		D955558313A6FC4600F28716 /* External Frameworks */ = {
			isa = PBXGroup;
			children = (
				D95DB08613A2C58F009ED227 /* libKal.a */,
				D955557F13A6FC0C00F28716 /* JSONKit */,
				D955555E13A6FBE500F28716 /* ASIHTTPRequest */,
				D95DB08C13A2C5F6009ED227 /* Kal */,
			);
			name = "External Frameworks";
			sourceTree = "<group>";
		};
		D955559D13A71D6A00F28716 /* Learn */ = {
			isa = PBXGroup;
			children = (
				D92B82CF13A0A94E001A254A /* LecturePlayerViewController.h */,
				D92B82D013A0A94F001A254A /* LecturePlayerViewController.m */,
				D92B82F713A16849001A254A /* LearnViewController.h */,
				D92B82F813A16849001A254A /* LearnViewController.m */,
				D955558F13A70C4300F28716 /* SchoolViewController.h */,
				D955559013A70C4400F28716 /* SchoolViewController.m */,
				D955559813A71C8200F28716 /* SubjectViewController.h */,
				D955559913A71C8200F28716 /* SubjectViewController.m */,
				D955559F13A7234700F28716 /* CourseViewController.h */,
				D95555A013A7234700F28716 /* CourseViewController.m */,
				D960FFC9139DBCCD00CD6795 /* RecordingsListViewController.h */,
				D960FFCA139DBCCD00CD6795 /* RecordingsListViewController.mm */,
			);
			name = Learn;
			sourceTree = "<group>";
		};
		D955559E13A71D9600F28716 /* Schedule */ = {
			isa = PBXGroup;
			children = (
				D95DB0A713A2D0F1009ED227 /* EventKitDataSource.h */,
				D95DB0A813A2D0F2009ED227 /* EventKitDataSource.m */,
				D95DB09013A2C764009ED227 /* ScheduleNotSupportedViewController.h */,
				D95DB09113A2C765009ED227 /* ScheduleNotSupportedViewController.m */,
				D960FFD4139DC1E400CD6795 /* ScheduleViewController.h */,
				D960FFD5139DC1E400CD6795 /* ScheduleViewController.mm */,
			);
			name = Schedule;
			sourceTree = "<group>";
		};
		D95DB07E13A2C48F009ED227 /* Products */ = {
			isa = PBXGroup;
			children = (
				D95DB08513A2C48F009ED227 /* libKal.a */,
			);
			name = Products;
			sourceTree = "<group>";
		};
		D95DB08C13A2C5F6009ED227 /* Kal */ = {
			isa = PBXGroup;
			children = (
				D95DB08A13A2C5E6009ED227 /* Kal.bundle */,
				D95DB07D13A2C48F009ED227 /* Kal.xcodeproj */,
			);
			name = Kal;
			sourceTree = "<group>";
		};
		D960FF95139DB6EC00CD6795 = {
			isa = PBXGroup;
			children = (
				D95555A413A7508600F28716 /* MediaPlayer.framework */,
				D960FFAA139DB6EC00CD6795 /* LectureLeaks */,
				D960FFA3139DB6EC00CD6795 /* Frameworks */,
				D955558313A6FC4600F28716 /* External Frameworks */,
				D960FFA1139DB6EC00CD6795 /* Products */,
			);
			sourceTree = "<group>";
		};
		D960FFA1139DB6EC00CD6795 /* Products */ = {
			isa = PBXGroup;
			children = (
				D960FFA0139DB6EC00CD6795 /* LectureLeaks.app */,
			);
			name = Products;
			sourceTree = "<group>";
		};
		D960FFA3139DB6EC00CD6795 /* Frameworks */ = {
			isa = PBXGroup;
			children = (
				D955558D13A7024A00F28716 /* libz.1.2.3.dylib */,
				D955558B13A7022500F28716 /* MobileCoreServices.framework */,
				D955558913A7021D00F28716 /* SystemConfiguration.framework */,
				D955558713A701FC00F28716 /* CFNetwork.framework */,
				D95DB04E13A2B457009ED227 /* EventKitUI.framework */,
				D95DB04C13A2B453009ED227 /* EventKit.framework */,
				D92B82D413A0ACC3001A254A /* AVFoundation.framework */,
				D91F37B8139EE19D007D2B9D /* AudioToolbox.framework */,
				D960FFA4139DB6EC00CD6795 /* UIKit.framework */,
				D960FFA6139DB6EC00CD6795 /* Foundation.framework */,
				D960FFA8139DB6EC00CD6795 /* CoreGraphics.framework */,
			);
			name = Frameworks;
			sourceTree = "<group>";
		};
		D960FFAA139DB6EC00CD6795 /* LectureLeaks */ = {
			isa = PBXGroup;
			children = (
				D91F37A6139EDD54007D2B9D /* AQ Classes */,
				D91F378E139ECFD9007D2B9D /* Classes */,
				D960FFD3139DBE6300CD6795 /* Resources */,
				D960FFAB139DB6EC00CD6795 /* Supporting Files */,
			);
			path = LectureLeaks;
			sourceTree = "<group>";
		};
		D960FFAB139DB6EC00CD6795 /* Supporting Files */ = {
			isa = PBXGroup;
			children = (
				D960FFAC139DB6EC00CD6795 /* LectureLeaks-Info.plist */,
				D960FFAD139DB6EC00CD6795 /* InfoPlist.strings */,
				D960FFB0139DB6EC00CD6795 /* LectureLeaks-Prefix.pch */,
				D960FFB1139DB6EC00CD6795 /* main.m */,
			);
			name = "Supporting Files";
			sourceTree = "<group>";
		};
		D960FFD3139DBE6300CD6795 /* Resources */ = {
			isa = PBXGroup;
			children = (
				D955559413A71AFA00F28716 /* logo.png */,
				D955559513A71AFA00F28716 /* logo@2x.png */,
				D95DB04A13A2AD4F009ED227 /* icon@2x.png */,
				D95DB04813A2AD43009ED227 /* icon.png */,
				D92B82EF13A16383001A254A /* about@2x.png */,
				D92B82F013A16383001A254A /* learn@2x.png */,
				D92B82F113A16384001A254A /* record@2x.png */,
				D92B82F213A16384001A254A /* schedule@2x.png */,
				D92B82DE13A13C7A001A254A /* about.png */,
				D92B82DF13A13C7A001A254A /* learn.png */,
				D92B82E013A13C7A001A254A /* record.png */,
				D92B82E113A13C7A001A254A /* schedule.png */,
				D92B82E713A13C94001A254A /* gradient_background.png */,
				D95555A113A7234800F28716 /* CourseViewController.xib */,
				D955559113A70C4400F28716 /* SchoolViewController.xib */,
				D95DB09213A2C765009ED227 /* ScheduleNotSupportedViewController.xib */,
				D92B82F913A1684A001A254A /* LearnViewController.xib */,
				D92B82D113A0A94F001A254A /* LecturePlayerViewController.xib */,
				D960FFB6139DB6EC00CD6795 /* MainWindow.xib */,
				D960FFCB139DBCCD00CD6795 /* RecordingsListViewController.xib */,
				D91F378A139ECFB5007D2B9D /* RecordingViewController.xib */,
				D960FFD0139DBE4300CD6795 /* AboutViewController.xib */,
				D960FFBC139DB6EC00CD6795 /* LectureLeaksViewController.xib */,
				D955559A13A71C8200F28716 /* SubjectViewController.xib */,
				D960FFD6139DC1E400CD6795 /* ScheduleViewController.xib */,
			);
			name = Resources;
			sourceTree = "<group>";
		};
/* End PBXGroup section */

/* Begin PBXNativeTarget section */
		D960FF9F139DB6EC00CD6795 /* LectureLeaks */ = {
			isa = PBXNativeTarget;
			buildConfigurationList = D960FFC1139DB6EC00CD6795 /* Build configuration list for PBXNativeTarget "LectureLeaks" */;
			buildPhases = (
				D960FF9C139DB6EC00CD6795 /* Sources */,
				D960FF9D139DB6EC00CD6795 /* Frameworks */,
				D960FF9E139DB6EC00CD6795 /* Resources */,
			);
			buildRules = (
			);
			dependencies = (
				D95DB08913A2C5C8009ED227 /* PBXTargetDependency */,
			);
			name = LectureLeaks;
			productName = LectureLeaks;
			productReference = D960FFA0139DB6EC00CD6795 /* LectureLeaks.app */;
			productType = "com.apple.product-type.application";
		};
/* End PBXNativeTarget section */

/* Begin PBXProject section */
		D960FF97139DB6EC00CD6795 /* Project object */ = {
			isa = PBXProject;
			buildConfigurationList = D960FF9A139DB6EC00CD6795 /* Build configuration list for PBXProject "LectureLeaks" */;
			compatibilityVersion = "Xcode 3.2";
			developmentRegion = English;
			hasScannedForEncodings = 0;
			knownRegions = (
				en,
			);
			mainGroup = D960FF95139DB6EC00CD6795;
			productRefGroup = D960FFA1139DB6EC00CD6795 /* Products */;
			projectDirPath = "";
			projectReferences = (
				{
					ProductGroup = D95DB07E13A2C48F009ED227 /* Products */;
					ProjectRef = D95DB07D13A2C48F009ED227 /* Kal.xcodeproj */;
				},
			);
			projectRoot = "";
			targets = (
				D960FF9F139DB6EC00CD6795 /* LectureLeaks */,
			);
		};
/* End PBXProject section */

/* Begin PBXReferenceProxy section */
		D95DB08513A2C48F009ED227 /* libKal.a */ = {
			isa = PBXReferenceProxy;
			fileType = archive.ar;
			path = libKal.a;
			remoteRef = D95DB08413A2C48F009ED227 /* PBXContainerItemProxy */;
			sourceTree = BUILT_PRODUCTS_DIR;
		};
/* End PBXReferenceProxy section */

/* Begin PBXResourcesBuildPhase section */
		D960FF9E139DB6EC00CD6795 /* Resources */ = {
			isa = PBXResourcesBuildPhase;
			buildActionMask = 2147483647;
			files = (
				D960FFAF139DB6EC00CD6795 /* InfoPlist.strings in Resources */,
				D960FFB8139DB6EC00CD6795 /* MainWindow.xib in Resources */,
				D960FFBE139DB6EC00CD6795 /* LectureLeaksViewController.xib in Resources */,
				D960FFCD139DBCCD00CD6795 /* RecordingsListViewController.xib in Resources */,
				D960FFD2139DBE4300CD6795 /* AboutViewController.xib in Resources */,
				D960FFD8139DC1E400CD6795 /* ScheduleViewController.xib in Resources */,
				D91F378C139ECFB5007D2B9D /* RecordingViewController.xib in Resources */,
				D92B82D313A0A950001A254A /* LecturePlayerViewController.xib in Resources */,
				D92B82E213A13C7A001A254A /* about.png in Resources */,
				D92B82E313A13C7A001A254A /* learn.png in Resources */,
				D92B82E413A13C7A001A254A /* record.png in Resources */,
				D92B82E513A13C7A001A254A /* schedule.png in Resources */,
				D92B82E813A13C94001A254A /* gradient_background.png in Resources */,
				D92B82F313A16385001A254A /* about@2x.png in Resources */,
				D92B82F413A16385001A254A /* learn@2x.png in Resources */,
				D92B82F513A16385001A254A /* record@2x.png in Resources */,
				D92B82F613A16385001A254A /* schedule@2x.png in Resources */,
				D92B82FB13A1684A001A254A /* LearnViewController.xib in Resources */,
				D95DB04913A2AD43009ED227 /* icon.png in Resources */,
				D95DB04B13A2AD4F009ED227 /* icon@2x.png in Resources */,
				D95DB08B13A2C5E6009ED227 /* Kal.bundle in Resources */,
				D95DB09413A2C766009ED227 /* ScheduleNotSupportedViewController.xib in Resources */,
				D955559313A70C4400F28716 /* SchoolViewController.xib in Resources */,
				D955559613A71AFA00F28716 /* logo.png in Resources */,
				D955559713A71AFA00F28716 /* logo@2x.png in Resources */,
				D955559C13A71C8200F28716 /* SubjectViewController.xib in Resources */,
				D95555A313A7234800F28716 /* CourseViewController.xib in Resources */,
			);
			runOnlyForDeploymentPostprocessing = 0;
		};
/* End PBXResourcesBuildPhase section */

/* Begin PBXSourcesBuildPhase section */
		D960FF9C139DB6EC00CD6795 /* Sources */ = {
			isa = PBXSourcesBuildPhase;
			buildActionMask = 2147483647;
			files = (
				D960FFB2139DB6EC00CD6795 /* main.m in Sources */,
				D960FFB5139DB6EC00CD6795 /* LectureLeaksAppDelegate.mm in Sources */,
				D960FFBB139DB6EC00CD6795 /* LectureLeaksViewController.mm in Sources */,
				D960FFCC139DBCCD00CD6795 /* RecordingsListViewController.mm in Sources */,
				D960FFD1139DBE4300CD6795 /* AboutViewController.mm in Sources */,
				D960FFD7139DC1E400CD6795 /* ScheduleViewController.mm in Sources */,
				D91F378B139ECFB5007D2B9D /* RecordingViewController.mm in Sources */,
				D91F37A5139EDD4D007D2B9D /* AQRecorder.mm in Sources */,
				D92B82CD13A09BB7001A254A /* Lecture.m in Sources */,
				D92B82D213A0A950001A254A /* LecturePlayerViewController.m in Sources */,
				D92B82FA13A1684A001A254A /* LearnViewController.m in Sources */,
				D95DB09313A2C766009ED227 /* ScheduleNotSupportedViewController.m in Sources */,
				D95DB0A913A2D0F3009ED227 /* EventKitDataSource.m in Sources */,
				D955557613A6FBE500F28716 /* ASIAuthenticationDialog.m in Sources */,
				D955557713A6FBE500F28716 /* ASIDataCompressor.m in Sources */,
				D955557813A6FBE500F28716 /* ASIDataDecompressor.m in Sources */,
				D955557913A6FBE500F28716 /* ASIDownloadCache.m in Sources */,
				D955557A13A6FBE500F28716 /* ASIFormDataRequest.m in Sources */,
				D955557B13A6FBE500F28716 /* ASIHTTPRequest.m in Sources */,
				D955557C13A6FBE500F28716 /* ASIInputStream.m in Sources */,
				D955557D13A6FBE500F28716 /* ASINetworkQueue.m in Sources */,
				D955557E13A6FBE500F28716 /* Reachability.m in Sources */,
				D955558213A6FC0C00F28716 /* JSONKit.m in Sources */,
				D955559213A70C4400F28716 /* SchoolViewController.m in Sources */,
				D955559B13A71C8200F28716 /* SubjectViewController.m in Sources */,
				D95555A213A7234800F28716 /* CourseViewController.m in Sources */,
			);
			runOnlyForDeploymentPostprocessing = 0;
		};
/* End PBXSourcesBuildPhase section */

/* Begin PBXTargetDependency section */
		D95DB08913A2C5C8009ED227 /* PBXTargetDependency */ = {
			isa = PBXTargetDependency;
			name = Kal;
			targetProxy = D95DB08813A2C5C8009ED227 /* PBXContainerItemProxy */;
		};
/* End PBXTargetDependency section */

/* Begin PBXVariantGroup section */
		D960FFAD139DB6EC00CD6795 /* InfoPlist.strings */ = {
			isa = PBXVariantGroup;
			children = (
				D960FFAE139DB6EC00CD6795 /* en */,
			);
			name = InfoPlist.strings;
			sourceTree = "<group>";
		};
		D960FFB6139DB6EC00CD6795 /* MainWindow.xib */ = {
			isa = PBXVariantGroup;
			children = (
				D960FFB7139DB6EC00CD6795 /* en */,
			);
			name = MainWindow.xib;
			sourceTree = "<group>";
		};
		D960FFBC139DB6EC00CD6795 /* LectureLeaksViewController.xib */ = {
			isa = PBXVariantGroup;
			children = (
				D960FFBD139DB6EC00CD6795 /* en */,
			);
			name = LectureLeaksViewController.xib;
			sourceTree = "<group>";
		};
/* End PBXVariantGroup section */

/* Begin XCBuildConfiguration section */
		D960FFBF139DB6EC00CD6795 /* Debug */ = {
			isa = XCBuildConfiguration;
			buildSettings = {
				ARCHS = "$(ARCHS_STANDARD_32_BIT)";
				"CODE_SIGN_IDENTITY[sdk=iphoneos*]" = "iPhone Developer";
				GCC_C_LANGUAGE_STANDARD = gnu99;
				GCC_OPTIMIZATION_LEVEL = 0;
				GCC_PREPROCESSOR_DEFINITIONS = DEBUG;
				GCC_SYMBOLS_PRIVATE_EXTERN = NO;
				GCC_VERSION = com.apple.compilers.llvmgcc42;
				GCC_WARN_ABOUT_RETURN_TYPE = YES;
				GCC_WARN_UNUSED_VARIABLE = YES;
				IPHONEOS_DEPLOYMENT_TARGET = 4.3;
				SDKROOT = iphoneos;
			};
			name = Debug;
		};
		D960FFC0139DB6EC00CD6795 /* Release */ = {
			isa = XCBuildConfiguration;
			buildSettings = {
				ARCHS = "$(ARCHS_STANDARD_32_BIT)";
				"CODE_SIGN_IDENTITY[sdk=iphoneos*]" = "iPhone Developer";
				GCC_C_LANGUAGE_STANDARD = gnu99;
				GCC_VERSION = com.apple.compilers.llvmgcc42;
				GCC_WARN_ABOUT_RETURN_TYPE = YES;
				GCC_WARN_UNUSED_VARIABLE = YES;
				IPHONEOS_DEPLOYMENT_TARGET = 4.3;
				OTHER_CFLAGS = "-DNS_BLOCK_ASSERTIONS=1";
				SDKROOT = iphoneos;
			};
			name = Release;
		};
		D960FFC2139DB6EC00CD6795 /* Debug */ = {
			isa = XCBuildConfiguration;
			buildSettings = {
				ALWAYS_SEARCH_USER_PATHS = NO;
				COPY_PHASE_STRIP = NO;
				GCC_DYNAMIC_NO_PIC = NO;
				GCC_PRECOMPILE_PREFIX_HEADER = YES;
				GCC_PREFIX_HEADER = "LectureLeaks/LectureLeaks-Prefix.pch";
				GCC_VERSION = com.apple.compilers.llvm.clang.1_0;
				HEADER_SEARCH_PATHS = (
					"/Developer/Extras/CoreAudio/PublicUtility/$(inherited)",
					Kal,
				);
				INFOPLIST_FILE = "LectureLeaks/LectureLeaks-Info.plist";
				IPHONEOS_DEPLOYMENT_TARGET = 3.1.3;
				LIBRARY_SEARCH_PATHS = (
					"$(inherited)",
					"\"$(SRCROOT)\"",
				);
				OTHER_LDFLAGS = (
					"-all_load",
					"-weak_library",
					/usr/lib/libSystem.B.dylib,
				);
				PRODUCT_NAME = "$(TARGET_NAME)";
				WRAPPER_EXTENSION = app;
			};
			name = Debug;
		};
		D960FFC3139DB6EC00CD6795 /* Release */ = {
			isa = XCBuildConfiguration;
			buildSettings = {
				ALWAYS_SEARCH_USER_PATHS = NO;
				COPY_PHASE_STRIP = YES;
				GCC_PRECOMPILE_PREFIX_HEADER = YES;
				GCC_PREFIX_HEADER = "LectureLeaks/LectureLeaks-Prefix.pch";
				GCC_VERSION = com.apple.compilers.llvm.clang.1_0;
				HEADER_SEARCH_PATHS = (
					"/Developer/Extras/CoreAudio/PublicUtility/$(inherited)",
					Kal,
				);
				INFOPLIST_FILE = "LectureLeaks/LectureLeaks-Info.plist";
				IPHONEOS_DEPLOYMENT_TARGET = 3.1.3;
				LIBRARY_SEARCH_PATHS = (
					"$(inherited)",
					"\"$(SRCROOT)\"",
				);
				OTHER_LDFLAGS = (
					"-all_load",
					"-weak_library",
					/usr/lib/libSystem.B.dylib,
				);
				PRODUCT_NAME = "$(TARGET_NAME)";
				VALIDATE_PRODUCT = YES;
				WRAPPER_EXTENSION = app;
			};
			name = Release;
		};
/* End XCBuildConfiguration section */

/* Begin XCConfigurationList section */
		D960FF9A139DB6EC00CD6795 /* Build configuration list for PBXProject "LectureLeaks" */ = {
			isa = XCConfigurationList;
			buildConfigurations = (
				D960FFBF139DB6EC00CD6795 /* Debug */,
				D960FFC0139DB6EC00CD6795 /* Release */,
			);
			defaultConfigurationIsVisible = 0;
			defaultConfigurationName = Release;
		};
		D960FFC1139DB6EC00CD6795 /* Build configuration list for PBXNativeTarget "LectureLeaks" */ = {
			isa = XCConfigurationList;
			buildConfigurations = (
				D960FFC2139DB6EC00CD6795 /* Debug */,
				D960FFC3139DB6EC00CD6795 /* Release */,
			);
			defaultConfigurationIsVisible = 0;
			defaultConfigurationName = Release;
		};
/* End XCConfigurationList section */
	};
	rootObject = D960FF97139DB6EC00CD6795 /* Project object */;
}
